
Microsoft Visual Studio Solution File, Format Version 12.00
# Visual Studio 14
VisualStudioVersion = 14.0.22823.1
MinimumVisualStudioVersion = 10.0.40219.1
Project("{FAE04EC0-301F-11D3-BF4B-00C04F79EFBC}") = "PostgreSQLTest", "PostgreSQLTest\PostgreSQLTest.csproj", "{BA0E1EAA-4099-4A7B-99A0-ECD743B967E6}"
EndProject
Project("{FAE04EC0-301F-11D3-BF4B-00C04F79EFBC}") = "DbAccess", "DbAccess\DbAccess.csproj", "{ADE5994A-5B6F-4D32-830B-AA6218F3C5CB}"
EndProject
Project("{FAE04EC0-301F-11D3-BF4B-00C04F79EFBC}") = "Repositories", "Repositories\Repositories.csproj", "{D9E38CE1-233B-462D-8DBB-67D5888CCABD}"
EndProject
Project("{FAE04EC0-301F-11D3-BF4B-00C04F79EFBC}") = "MonoOwinTest", "MonoOwinTest\MonoOwinTest.csproj", "{9FD6C060-584E-4937-A243-A3DF9105B0D6}"
EndProject
Global
	GlobalSection(SolutionConfigurationPlatforms) = preSolution
		Debug|Any CPU = Debug|Any CPU
		Release|Any CPU = Release|Any CPU
	EndGlobalSection
	GlobalSection(ProjectConfigurationPlatforms) = postSolution
		{BA0E1EAA-4099-4A7B-99A0-ECD743B967E6}.Debug|Any CPU.ActiveCfg = Debug|Any CPU
		{BA0E1EAA-4099-4A7B-99A0-ECD743B967E6}.Debug|Any CPU.Build.0 = Debug|Any CPU
		{BA0E1EAA-4099-4A7B-99A0-ECD743B967E6}.Release|Any CPU.ActiveCfg = Release|Any CPU
		{BA0E1EAA-4099-4A7B-99A0-ECD743B967E6}.Release|Any CPU.Build.0 = Release|Any CPU
		{ADE5994A-5B6F-4D32-830B-AA6218F3C5CB}.Debug|Any CPU.ActiveCfg = Debug|Any CPU
		{ADE5994A-5B6F-4D32-830B-AA6218F3C5CB}.Debug|Any CPU.Build.0 = Debug|Any CPU
		{ADE5994A-5B6F-4D32-830B-AA6218F3C5CB}.Release|Any CPU.ActiveCfg = Release|Any CPU
		{ADE5994A-5B6F-4D32-830B-AA6218F3C5CB}.Release|Any CPU.Build.0 = Release|Any CPU
		{D9E38CE1-233B-462D-8DBB-67D5888CCABD}.Debug|Any CPU.ActiveCfg = Debug|Any CPU
		{D9E38CE1-233B-462D-8DBB-67D5888CCABD}.Debug|Any CPU.Build.0 = Debug|Any CPU
		{D9E38CE1-233B-462D-8DBB-67D5888CCABD}.Release|Any CPU.ActiveCfg = Release|Any CPU
		{D9E38CE1-233B-462D-8DBB-67D5888CCABD}.Release|Any CPU.Build.0 = Release|Any CPU
		{9FD6C060-584E-4937-A243-A3DF9105B0D6}.Debug|Any CPU.ActiveCfg = Debug|Any CPU
		{9FD6C060-584E-4937-A243-A3DF9105B0D6}.Debug|Any CPU.Build.0 = Debug|Any CPU
		{9FD6C060-584E-4937-A243-A3DF9105B0D6}.Release|Any CPU.ActiveCfg = Release|Any CPU
		{9FD6C060-584E-4937-A243-A3DF9105B0D6}.Release|Any CPU.Build.0 = Release|Any CPU
	EndGlobalSection
	GlobalSection(SolutionProperties) = preSolution
		HideSolutionNode = FALSE
	EndGlobalSection
EndGlobal
